
Microsoft Visual Studio Solution File, Format Version 11.00
# Visual Studio 2010
# SharpDevelop 5.1
Project("{FAE04EC0-301F-11D3-BF4B-00C04F79EFBC}") = "Proposicion 1", "Proposicion 1\Proposicion 1.csproj", "{224E5267-6D6F-4DC6-B0A9-AA9AB9C0C973}"
EndProject
Global
	GlobalSection(SolutionConfigurationPlatforms) = preSolution
		Debug|Any CPU = Debug|Any CPU
		Release|Any CPU = Release|Any CPU
	EndGlobalSection
	GlobalSection(ProjectConfigurationPlatforms) = postSolution
		{224E5267-6D6F-4DC6-B0A9-AA9AB9C0C973}.Debug|Any CPU.ActiveCfg = Debug|Any CPU
		{224E5267-6D6F-4DC6-B0A9-AA9AB9C0C973}.Debug|Any CPU.Build.0 = Debug|Any CPU
		{224E5267-6D6F-4DC6-B0A9-AA9AB9C0C973}.Release|Any CPU.ActiveCfg = Release|Any CPU
		{224E5267-6D6F-4DC6-B0A9-AA9AB9C0C973}.Release|Any CPU.Build.0 = Release|Any CPU
	EndGlobalSection
EndGlobal
